// !$*UTF8*$!
{
	archiveVersion = 1;
	classes = {
	};
	objectVersion = 55;
	objects = {

/* Begin PBXBuildFile section */
		C33A4B0C27B1504300984EBA /* HapticEngine.swift in Sources */ = {isa = PBXBuildFile; fileRef = C33A4B0B27B1504300984EBA /* HapticEngine.swift */; };
		C33A4B0E27B1609100984EBA /* ControlButton.swift in Sources */ = {isa = PBXBuildFile; fileRef = C33A4B0D27B1609100984EBA /* ControlButton.swift */; };
		C33A4B1027B1611300984EBA /* PlaybackButton.swift in Sources */ = {isa = PBXBuildFile; fileRef = C33A4B0F27B1611300984EBA /* PlaybackButton.swift */; };
		C33A4B1227B17FF900984EBA /* Constants.swift in Sources */ = {isa = PBXBuildFile; fileRef = C33A4B1127B17FF900984EBA /* Constants.swift */; };
		C39CDF7527AA806100E22A57 /* TheTempoistApp.swift in Sources */ = {isa = PBXBuildFile; fileRef = C39CDF7427AA806100E22A57 /* TheTempoistApp.swift */; };
		C39CDF7727AA806100E22A57 /* ContentView.swift in Sources */ = {isa = PBXBuildFile; fileRef = C39CDF7627AA806100E22A57 /* ContentView.swift */; };
		C39CDF7927AA806200E22A57 /* Assets.xcassets in Resources */ = {isa = PBXBuildFile; fileRef = C39CDF7827AA806200E22A57 /* Assets.xcassets */; };
		C39CDF7C27AA806200E22A57 /* Preview Assets.xcassets in Resources */ = {isa = PBXBuildFile; fileRef = C39CDF7B27AA806200E22A57 /* Preview Assets.xcassets */; };
		C39CDF8627AA806200E22A57 /* TheTempoistTests.swift in Sources */ = {isa = PBXBuildFile; fileRef = C39CDF8527AA806200E22A57 /* TheTempoistTests.swift */; };
		C39CDF9027AA806200E22A57 /* TheTempoistUITests.swift in Sources */ = {isa = PBXBuildFile; fileRef = C39CDF8F27AA806200E22A57 /* TheTempoistUITests.swift */; };
		C39CDF9227AA806200E22A57 /* TheTempoistUITestsLaunchTests.swift in Sources */ = {isa = PBXBuildFile; fileRef = C39CDF9127AA806200E22A57 /* TheTempoistUITestsLaunchTests.swift */; };
		C39CDF9F27AA821B00E22A57 /* TapTempoEngine.swift in Sources */ = {isa = PBXBuildFile; fileRef = C39CDF9E27AA821B00E22A57 /* TapTempoEngine.swift */; };
		C39CDFA127AA851200E22A57 /* BPMMainViewModel.swift in Sources */ = {isa = PBXBuildFile; fileRef = C39CDFA027AA851200E22A57 /* BPMMainViewModel.swift */; };
		C39CDFA327AA883B00E22A57 /* BPMMainView.swift in Sources */ = {isa = PBXBuildFile; fileRef = C39CDFA227AA883B00E22A57 /* BPMMainView.swift */; };
		C39CDFA927AB4BFF00E22A57 /* Background.swift in Sources */ = {isa = PBXBuildFile; fileRef = C39CDFA827AB4BFF00E22A57 /* Background.swift */; };
		C3BAA2E627AFFE2F0019B81E /* BPMDisplay.swift in Sources */ = {isa = PBXBuildFile; fileRef = C3BAA2E527AFFE2F0019B81E /* BPMDisplay.swift */; };
		C3BAA2E827AFFEDD0019B81E /* TapButton.swift in Sources */ = {isa = PBXBuildFile; fileRef = C3BAA2E727AFFEDD0019B81E /* TapButton.swift */; };
		C3BAA2EB27B001520019B81E /* AudioEngine.swift in Sources */ = {isa = PBXBuildFile; fileRef = C3BAA2EA27B001520019B81E /* AudioEngine.swift */; };
		C3BAA2ED27B004B40019B81E /* HighAccuracyTimer.swift in Sources */ = {isa = PBXBuildFile; fileRef = C3BAA2EC27B004B40019B81E /* HighAccuracyTimer.swift */; };
		C3D4C1EE27B667710001577C /* InfoNavView.swift in Sources */ = {isa = PBXBuildFile; fileRef = C3D4C1ED27B667710001577C /* InfoNavView.swift */; };
		C3D4C1F027B671570001577C /* AboutMeInfoView.swift in Sources */ = {isa = PBXBuildFile; fileRef = C3D4C1EF27B671570001577C /* AboutMeInfoView.swift */; };
		C3D4C1F227B671640001577C /* OtherAppsInfoView.swift in Sources */ = {isa = PBXBuildFile; fileRef = C3D4C1F127B671640001577C /* OtherAppsInfoView.swift */; };
		C3D4C1F427B671780001577C /* ContactMeInfoView.swift in Sources */ = {isa = PBXBuildFile; fileRef = C3D4C1F327B671780001577C /* ContactMeInfoView.swift */; };
		C3D4C1F627B7D0240001577C /* LeaveReviewButton.swift in Sources */ = {isa = PBXBuildFile; fileRef = C3D4C1F527B7D0240001577C /* LeaveReviewButton.swift */; };
		C3D4C1F827B7D05D0001577C /* SendEmailButton.swift in Sources */ = {isa = PBXBuildFile; fileRef = C3D4C1F727B7D05D0001577C /* SendEmailButton.swift */; };
		C3D4C1FB27B809600001577C /* SendEmailButtonViewModel.swift in Sources */ = {isa = PBXBuildFile; fileRef = C3D4C1FA27B809600001577C /* SendEmailButtonViewModel.swift */; };
		C3D4C1FD27B809B70001577C /* MFMailComposeView.swift in Sources */ = {isa = PBXBuildFile; fileRef = C3D4C1FC27B809B70001577C /* MFMailComposeView.swift */; };
		C3D4C20027B80C610001577C /* CHHapticEngine+Ext.swift in Sources */ = {isa = PBXBuildFile; fileRef = C3D4C1FF27B80C610001577C /* CHHapticEngine+Ext.swift */; };
/* End PBXBuildFile section */

/* Begin PBXContainerItemProxy section */
		C39CDF8227AA806200E22A57 /* PBXContainerItemProxy */ = {
			isa = PBXContainerItemProxy;
			containerPortal = C39CDF6927AA806100E22A57 /* Project object */;
			proxyType = 1;
			remoteGlobalIDString = C39CDF7027AA806100E22A57;
			remoteInfo = TheTempoist;
		};
		C39CDF8C27AA806200E22A57 /* PBXContainerItemProxy */ = {
			isa = PBXContainerItemProxy;
			containerPortal = C39CDF6927AA806100E22A57 /* Project object */;
			proxyType = 1;
			remoteGlobalIDString = C39CDF7027AA806100E22A57;
			remoteInfo = TheTempoist;
		};
/* End PBXContainerItemProxy section */

/* Begin PBXFileReference section */
		C33A4B0B27B1504300984EBA /* HapticEngine.swift */ = {isa = PBXFileReference; lastKnownFileType = sourcecode.swift; path = HapticEngine.swift; sourceTree = "<group>"; };
		C33A4B0D27B1609100984EBA /* ControlButton.swift */ = {isa = PBXFileReference; lastKnownFileType = sourcecode.swift; path = ControlButton.swift; sourceTree = "<group>"; };
		C33A4B0F27B1611300984EBA /* PlaybackButton.swift */ = {isa = PBXFileReference; lastKnownFileType = sourcecode.swift; path = PlaybackButton.swift; sourceTree = "<group>"; };
		C33A4B1127B17FF900984EBA /* Constants.swift */ = {isa = PBXFileReference; lastKnownFileType = sourcecode.swift; path = Constants.swift; sourceTree = "<group>"; };
		C39CDF7127AA806100E22A57 /* TheTempoist.app */ = {isa = PBXFileReference; explicitFileType = wrapper.application; includeInIndex = 0; path = TheTempoist.app; sourceTree = BUILT_PRODUCTS_DIR; };
		C39CDF7427AA806100E22A57 /* TheTempoistApp.swift */ = {isa = PBXFileReference; lastKnownFileType = sourcecode.swift; path = TheTempoistApp.swift; sourceTree = "<group>"; };
		C39CDF7627AA806100E22A57 /* ContentView.swift */ = {isa = PBXFileReference; lastKnownFileType = sourcecode.swift; path = ContentView.swift; sourceTree = "<group>"; };
		C39CDF7827AA806200E22A57 /* Assets.xcassets */ = {isa = PBXFileReference; lastKnownFileType = folder.assetcatalog; path = Assets.xcassets; sourceTree = "<group>"; };
		C39CDF7B27AA806200E22A57 /* Preview Assets.xcassets */ = {isa = PBXFileReference; lastKnownFileType = folder.assetcatalog; path = "Preview Assets.xcassets"; sourceTree = "<group>"; };
		C39CDF8127AA806200E22A57 /* TheTempoistTests.xctest */ = {isa = PBXFileReference; explicitFileType = wrapper.cfbundle; includeInIndex = 0; path = TheTempoistTests.xctest; sourceTree = BUILT_PRODUCTS_DIR; };
		C39CDF8527AA806200E22A57 /* TheTempoistTests.swift */ = {isa = PBXFileReference; lastKnownFileType = sourcecode.swift; path = TheTempoistTests.swift; sourceTree = "<group>"; };
		C39CDF8B27AA806200E22A57 /* TheTempoistUITests.xctest */ = {isa = PBXFileReference; explicitFileType = wrapper.cfbundle; includeInIndex = 0; path = TheTempoistUITests.xctest; sourceTree = BUILT_PRODUCTS_DIR; };
		C39CDF8F27AA806200E22A57 /* TheTempoistUITests.swift */ = {isa = PBXFileReference; lastKnownFileType = sourcecode.swift; path = TheTempoistUITests.swift; sourceTree = "<group>"; };
		C39CDF9127AA806200E22A57 /* TheTempoistUITestsLaunchTests.swift */ = {isa = PBXFileReference; lastKnownFileType = sourcecode.swift; path = TheTempoistUITestsLaunchTests.swift; sourceTree = "<group>"; };
		C39CDF9E27AA821B00E22A57 /* TapTempoEngine.swift */ = {isa = PBXFileReference; lastKnownFileType = sourcecode.swift; path = TapTempoEngine.swift; sourceTree = "<group>"; };
		C39CDFA027AA851200E22A57 /* BPMMainViewModel.swift */ = {isa = PBXFileReference; lastKnownFileType = sourcecode.swift; path = BPMMainViewModel.swift; sourceTree = "<group>"; };
		C39CDFA227AA883B00E22A57 /* BPMMainView.swift */ = {isa = PBXFileReference; lastKnownFileType = sourcecode.swift; path = BPMMainView.swift; sourceTree = "<group>"; };
		C39CDFA827AB4BFF00E22A57 /* Background.swift */ = {isa = PBXFileReference; lastKnownFileType = sourcecode.swift; path = Background.swift; sourceTree = "<group>"; };
		C3BAA2E527AFFE2F0019B81E /* BPMDisplay.swift */ = {isa = PBXFileReference; lastKnownFileType = sourcecode.swift; path = BPMDisplay.swift; sourceTree = "<group>"; };
		C3BAA2E727AFFEDD0019B81E /* TapButton.swift */ = {isa = PBXFileReference; lastKnownFileType = sourcecode.swift; path = TapButton.swift; sourceTree = "<group>"; };
		C3BAA2E927AFFFD00019B81E /* Info.plist */ = {isa = PBXFileReference; lastKnownFileType = text.plist; path = Info.plist; sourceTree = "<group>"; };
		C3BAA2EA27B001520019B81E /* AudioEngine.swift */ = {isa = PBXFileReference; lastKnownFileType = sourcecode.swift; path = AudioEngine.swift; sourceTree = "<group>"; };
		C3BAA2EC27B004B40019B81E /* HighAccuracyTimer.swift */ = {isa = PBXFileReference; lastKnownFileType = sourcecode.swift; path = HighAccuracyTimer.swift; sourceTree = "<group>"; };
		C3D4C1ED27B667710001577C /* InfoNavView.swift */ = {isa = PBXFileReference; lastKnownFileType = sourcecode.swift; path = InfoNavView.swift; sourceTree = "<group>"; };
		C3D4C1EF27B671570001577C /* AboutMeInfoView.swift */ = {isa = PBXFileReference; lastKnownFileType = sourcecode.swift; path = AboutMeInfoView.swift; sourceTree = "<group>"; };
		C3D4C1F127B671640001577C /* OtherAppsInfoView.swift */ = {isa = PBXFileReference; lastKnownFileType = sourcecode.swift; path = OtherAppsInfoView.swift; sourceTree = "<group>"; };
		C3D4C1F327B671780001577C /* ContactMeInfoView.swift */ = {isa = PBXFileReference; lastKnownFileType = sourcecode.swift; path = ContactMeInfoView.swift; sourceTree = "<group>"; };
		C3D4C1F527B7D0240001577C /* LeaveReviewButton.swift */ = {isa = PBXFileReference; lastKnownFileType = sourcecode.swift; path = LeaveReviewButton.swift; sourceTree = "<group>"; };
		C3D4C1F727B7D05D0001577C /* SendEmailButton.swift */ = {isa = PBXFileReference; lastKnownFileType = sourcecode.swift; path = SendEmailButton.swift; sourceTree = "<group>"; };
		C3D4C1FA27B809600001577C /* SendEmailButtonViewModel.swift */ = {isa = PBXFileReference; lastKnownFileType = sourcecode.swift; path = SendEmailButtonViewModel.swift; sourceTree = "<group>"; };
		C3D4C1FC27B809B70001577C /* MFMailComposeView.swift */ = {isa = PBXFileReference; lastKnownFileType = sourcecode.swift; path = MFMailComposeView.swift; sourceTree = "<group>"; };
		C3D4C1FF27B80C610001577C /* CHHapticEngine+Ext.swift */ = {isa = PBXFileReference; lastKnownFileType = sourcecode.swift; path = "CHHapticEngine+Ext.swift"; sourceTree = "<group>"; };
/* End PBXFileReference section */

/* Begin PBXFrameworksBuildPhase section */
		C39CDF6E27AA806100E22A57 /* Frameworks */ = {
			isa = PBXFrameworksBuildPhase;
			buildActionMask = 2147483647;
			files = (
			);
			runOnlyForDeploymentPostprocessing = 0;
		};
		C39CDF7E27AA806200E22A57 /* Frameworks */ = {
			isa = PBXFrameworksBuildPhase;
			buildActionMask = 2147483647;
			files = (
			);
			runOnlyForDeploymentPostprocessing = 0;
		};
		C39CDF8827AA806200E22A57 /* Frameworks */ = {
			isa = PBXFrameworksBuildPhase;
			buildActionMask = 2147483647;
			files = (
			);
			runOnlyForDeploymentPostprocessing = 0;
		};
/* End PBXFrameworksBuildPhase section */

/* Begin PBXGroup section */
		C39CDF6827AA806100E22A57 = {
			isa = PBXGroup;
			children = (
				C39CDF7327AA806100E22A57 /* TheTempoist */,
				C39CDF8427AA806200E22A57 /* TheTempoistTests */,
				C39CDF8E27AA806200E22A57 /* TheTempoistUITests */,
				C39CDF7227AA806100E22A57 /* Products */,
			);
			sourceTree = "<group>";
		};
		C39CDF7227AA806100E22A57 /* Products */ = {
			isa = PBXGroup;
			children = (
				C39CDF7127AA806100E22A57 /* TheTempoist.app */,
				C39CDF8127AA806200E22A57 /* TheTempoistTests.xctest */,
				C39CDF8B27AA806200E22A57 /* TheTempoistUITests.xctest */,
			);
			name = Products;
			sourceTree = "<group>";
		};
		C39CDF7327AA806100E22A57 /* TheTempoist */ = {
			isa = PBXGroup;
			children = (
				C3D4C1FE27B80C3C0001577C /* extensions */,
				C3BAA2E927AFFFD00019B81E /* Info.plist */,
				C39CDFA727AB4BEB00E22A57 /* components */,
				C39CDFA527AA888B00E22A57 /* domain */,
				C39CDF7A27AA806200E22A57 /* Preview Content */,
				C39CDFA627AA88A200E22A57 /* resources */,
				C39CDFA427AA888500E22A57 /* screens */,
			);
			path = TheTempoist;
			sourceTree = "<group>";
		};
		C39CDF7A27AA806200E22A57 /* Preview Content */ = {
			isa = PBXGroup;
			children = (
				C39CDF7B27AA806200E22A57 /* Preview Assets.xcassets */,
			);
			path = "Preview Content";
			sourceTree = "<group>";
		};
		C39CDF8427AA806200E22A57 /* TheTempoistTests */ = {
			isa = PBXGroup;
			children = (
				C39CDF8527AA806200E22A57 /* TheTempoistTests.swift */,
			);
			path = TheTempoistTests;
			sourceTree = "<group>";
		};
		C39CDF8E27AA806200E22A57 /* TheTempoistUITests */ = {
			isa = PBXGroup;
			children = (
				C39CDF8F27AA806200E22A57 /* TheTempoistUITests.swift */,
				C39CDF9127AA806200E22A57 /* TheTempoistUITestsLaunchTests.swift */,
			);
			path = TheTempoistUITests;
			sourceTree = "<group>";
		};
		C39CDFA427AA888500E22A57 /* screens */ = {
			isa = PBXGroup;
			children = (
				C3D4C1EC27B667560001577C /* InfoView */,
				C3D4C1EB27B667450001577C /* MainView */,
			);
			path = screens;
			sourceTree = "<group>";
		};
		C39CDFA527AA888B00E22A57 /* domain */ = {
			isa = PBXGroup;
			children = (
				C39CDF9E27AA821B00E22A57 /* TapTempoEngine.swift */,
				C3BAA2EA27B001520019B81E /* AudioEngine.swift */,
				C3BAA2EC27B004B40019B81E /* HighAccuracyTimer.swift */,
				C33A4B0B27B1504300984EBA /* HapticEngine.swift */,
				C33A4B1127B17FF900984EBA /* Constants.swift */,
			);
			path = domain;
			sourceTree = "<group>";
		};
		C39CDFA627AA88A200E22A57 /* resources */ = {
			isa = PBXGroup;
			children = (
				C39CDF7427AA806100E22A57 /* TheTempoistApp.swift */,
				C39CDF7627AA806100E22A57 /* ContentView.swift */,
				C39CDF7827AA806200E22A57 /* Assets.xcassets */,
			);
			path = resources;
			sourceTree = "<group>";
		};
		C39CDFA727AB4BEB00E22A57 /* components */ = {
			isa = PBXGroup;
			children = (
				C39CDFA827AB4BFF00E22A57 /* Background.swift */,
				C3BAA2E527AFFE2F0019B81E /* BPMDisplay.swift */,
				C3BAA2E727AFFEDD0019B81E /* TapButton.swift */,
				C33A4B0D27B1609100984EBA /* ControlButton.swift */,
				C33A4B0F27B1611300984EBA /* PlaybackButton.swift */,
				C3D4C1FC27B809B70001577C /* MFMailComposeView.swift */,
			);
			path = components;
			sourceTree = "<group>";
		};
		C3D4C1EB27B667450001577C /* MainView */ = {
			isa = PBXGroup;
			children = (
				C39CDFA027AA851200E22A57 /* BPMMainViewModel.swift */,
				C39CDFA227AA883B00E22A57 /* BPMMainView.swift */,
			);
			path = MainView;
			sourceTree = "<group>";
		};
		C3D4C1EC27B667560001577C /* InfoView */ = {
			isa = PBXGroup;
			children = (
				C3D4C1ED27B667710001577C /* InfoNavView.swift */,
				C3D4C1EF27B671570001577C /* AboutMeInfoView.swift */,
				C3D4C1F127B671640001577C /* OtherAppsInfoView.swift */,
				C3D4C1F327B671780001577C /* ContactMeInfoView.swift */,
				C3D4C1F527B7D0240001577C /* LeaveReviewButton.swift */,
				C3D4C1F927B809470001577C /* SendEmailButton */,
			);
			path = InfoView;
			sourceTree = "<group>";
		};
		C3D4C1F927B809470001577C /* SendEmailButton */ = {
			isa = PBXGroup;
			children = (
				C3D4C1F727B7D05D0001577C /* SendEmailButton.swift */,
				C3D4C1FA27B809600001577C /* SendEmailButtonViewModel.swift */,
			);
			path = SendEmailButton;
			sourceTree = "<group>";
		};
		C3D4C1FE27B80C3C0001577C /* extensions */ = {
			isa = PBXGroup;
			children = (
				C3D4C1FF27B80C610001577C /* CHHapticEngine+Ext.swift */,
			);
			path = extensions;
			sourceTree = "<group>";
		};
/* End PBXGroup section */

/* Begin PBXNativeTarget section */
		C39CDF7027AA806100E22A57 /* TheTempoist */ = {
			isa = PBXNativeTarget;
			buildConfigurationList = C39CDF9527AA806200E22A57 /* Build configuration list for PBXNativeTarget "TheTempoist" */;
			buildPhases = (
				C39CDF6D27AA806100E22A57 /* Sources */,
				C39CDF6E27AA806100E22A57 /* Frameworks */,
				C39CDF6F27AA806100E22A57 /* Resources */,
			);
			buildRules = (
			);
			dependencies = (
			);
			name = TheTempoist;
			productName = TheTempoist;
			productReference = C39CDF7127AA806100E22A57 /* TheTempoist.app */;
			productType = "com.apple.product-type.application";
		};
		C39CDF8027AA806200E22A57 /* TheTempoistTests */ = {
			isa = PBXNativeTarget;
			buildConfigurationList = C39CDF9827AA806200E22A57 /* Build configuration list for PBXNativeTarget "TheTempoistTests" */;
			buildPhases = (
				C39CDF7D27AA806200E22A57 /* Sources */,
				C39CDF7E27AA806200E22A57 /* Frameworks */,
				C39CDF7F27AA806200E22A57 /* Resources */,
			);
			buildRules = (
			);
			dependencies = (
				C39CDF8327AA806200E22A57 /* PBXTargetDependency */,
			);
			name = TheTempoistTests;
			productName = TheTempoistTests;
			productReference = C39CDF8127AA806200E22A57 /* TheTempoistTests.xctest */;
			productType = "com.apple.product-type.bundle.unit-test";
		};
		C39CDF8A27AA806200E22A57 /* TheTempoistUITests */ = {
			isa = PBXNativeTarget;
			buildConfigurationList = C39CDF9B27AA806200E22A57 /* Build configuration list for PBXNativeTarget "TheTempoistUITests" */;
			buildPhases = (
				C39CDF8727AA806200E22A57 /* Sources */,
				C39CDF8827AA806200E22A57 /* Frameworks */,
				C39CDF8927AA806200E22A57 /* Resources */,
			);
			buildRules = (
			);
			dependencies = (
				C39CDF8D27AA806200E22A57 /* PBXTargetDependency */,
			);
			name = TheTempoistUITests;
			productName = TheTempoistUITests;
			productReference = C39CDF8B27AA806200E22A57 /* TheTempoistUITests.xctest */;
			productType = "com.apple.product-type.bundle.ui-testing";
		};
/* End PBXNativeTarget section */

/* Begin PBXProject section */
		C39CDF6927AA806100E22A57 /* Project object */ = {
			isa = PBXProject;
			attributes = {
				BuildIndependentTargetsInParallel = 1;
				LastSwiftUpdateCheck = 1320;
				LastUpgradeCheck = 1320;
				TargetAttributes = {
					C39CDF7027AA806100E22A57 = {
						CreatedOnToolsVersion = 13.2;
					};
					C39CDF8027AA806200E22A57 = {
						CreatedOnToolsVersion = 13.2;
						TestTargetID = C39CDF7027AA806100E22A57;
					};
					C39CDF8A27AA806200E22A57 = {
						CreatedOnToolsVersion = 13.2;
						TestTargetID = C39CDF7027AA806100E22A57;
					};
				};
			};
			buildConfigurationList = C39CDF6C27AA806100E22A57 /* Build configuration list for PBXProject "TheTempoist" */;
			compatibilityVersion = "Xcode 13.0";
			developmentRegion = en;
			hasScannedForEncodings = 0;
			knownRegions = (
				en,
				Base,
			);
			mainGroup = C39CDF6827AA806100E22A57;
			productRefGroup = C39CDF7227AA806100E22A57 /* Products */;
			projectDirPath = "";
			projectRoot = "";
			targets = (
				C39CDF7027AA806100E22A57 /* TheTempoist */,
				C39CDF8027AA806200E22A57 /* TheTempoistTests */,
				C39CDF8A27AA806200E22A57 /* TheTempoistUITests */,
			);
		};
/* End PBXProject section */

/* Begin PBXResourcesBuildPhase section */
		C39CDF6F27AA806100E22A57 /* Resources */ = {
			isa = PBXResourcesBuildPhase;
			buildActionMask = 2147483647;
			files = (
				C39CDF7C27AA806200E22A57 /* Preview Assets.xcassets in Resources */,
				C39CDF7927AA806200E22A57 /* Assets.xcassets in Resources */,
			);
			runOnlyForDeploymentPostprocessing = 0;
		};
		C39CDF7F27AA806200E22A57 /* Resources */ = {
			isa = PBXResourcesBuildPhase;
			buildActionMask = 2147483647;
			files = (
			);
			runOnlyForDeploymentPostprocessing = 0;
		};
		C39CDF8927AA806200E22A57 /* Resources */ = {
			isa = PBXResourcesBuildPhase;
			buildActionMask = 2147483647;
			files = (
			);
			runOnlyForDeploymentPostprocessing = 0;
		};
/* End PBXResourcesBuildPhase section */

/* Begin PBXSourcesBuildPhase section */
		C39CDF6D27AA806100E22A57 /* Sources */ = {
			isa = PBXSourcesBuildPhase;
			buildActionMask = 2147483647;
			files = (
				C3BAA2EB27B001520019B81E /* AudioEngine.swift in Sources */,
				C33A4B1227B17FF900984EBA /* Constants.swift in Sources */,
				C3D4C1F827B7D05D0001577C /* SendEmailButton.swift in Sources */,
				C39CDFA327AA883B00E22A57 /* BPMMainView.swift in Sources */,
				C39CDF7727AA806100E22A57 /* ContentView.swift in Sources */,
				C3D4C1F627B7D0240001577C /* LeaveReviewButton.swift in Sources */,
				C3D4C1F027B671570001577C /* AboutMeInfoView.swift in Sources */,
				C33A4B1027B1611300984EBA /* PlaybackButton.swift in Sources */,
				C33A4B0E27B1609100984EBA /* ControlButton.swift in Sources */,
				C39CDF7527AA806100E22A57 /* TheTempoistApp.swift in Sources */,
				C3BAA2E827AFFEDD0019B81E /* TapButton.swift in Sources */,
				C3D4C20027B80C610001577C /* CHHapticEngine+Ext.swift in Sources */,
				C3BAA2E627AFFE2F0019B81E /* BPMDisplay.swift in Sources */,
				C3BAA2ED27B004B40019B81E /* HighAccuracyTimer.swift in Sources */,
				C39CDF9F27AA821B00E22A57 /* TapTempoEngine.swift in Sources */,
				C33A4B0C27B1504300984EBA /* HapticEngine.swift in Sources */,
				C3D4C1F427B671780001577C /* ContactMeInfoView.swift in Sources */,
				C39CDFA127AA851200E22A57 /* BPMMainViewModel.swift in Sources */,
				C39CDFA927AB4BFF00E22A57 /* Background.swift in Sources */,
				C3D4C1FB27B809600001577C /* SendEmailButtonViewModel.swift in Sources */,
				C3D4C1FD27B809B70001577C /* MFMailComposeView.swift in Sources */,
				C3D4C1F227B671640001577C /* OtherAppsInfoView.swift in Sources */,
				C3D4C1EE27B667710001577C /* InfoNavView.swift in Sources */,
			);
			runOnlyForDeploymentPostprocessing = 0;
		};
		C39CDF7D27AA806200E22A57 /* Sources */ = {
			isa = PBXSourcesBuildPhase;
			buildActionMask = 2147483647;
			files = (
				C39CDF8627AA806200E22A57 /* TheTempoistTests.swift in Sources */,
			);
			runOnlyForDeploymentPostprocessing = 0;
		};
		C39CDF8727AA806200E22A57 /* Sources */ = {
			isa = PBXSourcesBuildPhase;
			buildActionMask = 2147483647;
			files = (
				C39CDF9027AA806200E22A57 /* TheTempoistUITests.swift in Sources */,
				C39CDF9227AA806200E22A57 /* TheTempoistUITestsLaunchTests.swift in Sources */,
			);
			runOnlyForDeploymentPostprocessing = 0;
		};
/* End PBXSourcesBuildPhase section */

/* Begin PBXTargetDependency section */
		C39CDF8327AA806200E22A57 /* PBXTargetDependency */ = {
			isa = PBXTargetDependency;
			target = C39CDF7027AA806100E22A57 /* TheTempoist */;
			targetProxy = C39CDF8227AA806200E22A57 /* PBXContainerItemProxy */;
		};
		C39CDF8D27AA806200E22A57 /* PBXTargetDependency */ = {
			isa = PBXTargetDependency;
			target = C39CDF7027AA806100E22A57 /* TheTempoist */;
			targetProxy = C39CDF8C27AA806200E22A57 /* PBXContainerItemProxy */;
		};
/* End PBXTargetDependency section */

/* Begin XCBuildConfiguration section */
		C39CDF9327AA806200E22A57 /* Debug */ = {
			isa = XCBuildConfiguration;
			buildSettings = {
				ALWAYS_SEARCH_USER_PATHS = NO;
				CLANG_ANALYZER_NONNULL = YES;
				CLANG_ANALYZER_NUMBER_OBJECT_CONVERSION = YES_AGGRESSIVE;
				CLANG_CXX_LANGUAGE_STANDARD = "gnu++17";
				CLANG_CXX_LIBRARY = "libc++";
				CLANG_ENABLE_MODULES = YES;
				CLANG_ENABLE_OBJC_ARC = YES;
				CLANG_ENABLE_OBJC_WEAK = YES;
				CLANG_WARN_BLOCK_CAPTURE_AUTORELEASING = YES;
				CLANG_WARN_BOOL_CONVERSION = YES;
				CLANG_WARN_COMMA = YES;
				CLANG_WARN_CONSTANT_CONVERSION = YES;
				CLANG_WARN_DEPRECATED_OBJC_IMPLEMENTATIONS = YES;
				CLANG_WARN_DIRECT_OBJC_ISA_USAGE = YES_ERROR;
				CLANG_WARN_DOCUMENTATION_COMMENTS = YES;
				CLANG_WARN_EMPTY_BODY = YES;
				CLANG_WARN_ENUM_CONVERSION = YES;
				CLANG_WARN_INFINITE_RECURSION = YES;
				CLANG_WARN_INT_CONVERSION = YES;
				CLANG_WARN_NON_LITERAL_NULL_CONVERSION = YES;
				CLANG_WARN_OBJC_IMPLICIT_RETAIN_SELF = YES;
				CLANG_WARN_OBJC_LITERAL_CONVERSION = YES;
				CLANG_WARN_OBJC_ROOT_CLASS = YES_ERROR;
				CLANG_WARN_QUOTED_INCLUDE_IN_FRAMEWORK_HEADER = YES;
				CLANG_WARN_RANGE_LOOP_ANALYSIS = YES;
				CLANG_WARN_STRICT_PROTOTYPES = YES;
				CLANG_WARN_SUSPICIOUS_MOVE = YES;
				CLANG_WARN_UNGUARDED_AVAILABILITY = YES_AGGRESSIVE;
				CLANG_WARN_UNREACHABLE_CODE = YES;
				CLANG_WARN__DUPLICATE_METHOD_MATCH = YES;
				COPY_PHASE_STRIP = NO;
				DEBUG_INFORMATION_FORMAT = dwarf;
				ENABLE_STRICT_OBJC_MSGSEND = YES;
				ENABLE_TESTABILITY = YES;
				GCC_C_LANGUAGE_STANDARD = gnu11;
				GCC_DYNAMIC_NO_PIC = NO;
				GCC_NO_COMMON_BLOCKS = YES;
				GCC_OPTIMIZATION_LEVEL = 0;
				GCC_PREPROCESSOR_DEFINITIONS = (
					"DEBUG=1",
					"$(inherited)",
				);
				GCC_WARN_64_TO_32_BIT_CONVERSION = YES;
				GCC_WARN_ABOUT_RETURN_TYPE = YES_ERROR;
				GCC_WARN_UNDECLARED_SELECTOR = YES;
				GCC_WARN_UNINITIALIZED_AUTOS = YES_AGGRESSIVE;
				GCC_WARN_UNUSED_FUNCTION = YES;
				GCC_WARN_UNUSED_VARIABLE = YES;
				IPHONEOS_DEPLOYMENT_TARGET = 15.2;
				MTL_ENABLE_DEBUG_INFO = INCLUDE_SOURCE;
				MTL_FAST_MATH = YES;
				ONLY_ACTIVE_ARCH = YES;
				SDKROOT = iphoneos;
				SWIFT_ACTIVE_COMPILATION_CONDITIONS = DEBUG;
				SWIFT_OPTIMIZATION_LEVEL = "-Onone";
			};
			name = Debug;
		};
		C39CDF9427AA806200E22A57 /* Release */ = {
			isa = XCBuildConfiguration;
			buildSettings = {
				ALWAYS_SEARCH_USER_PATHS = NO;
				CLANG_ANALYZER_NONNULL = YES;
				CLANG_ANALYZER_NUMBER_OBJECT_CONVERSION = YES_AGGRESSIVE;
				CLANG_CXX_LANGUAGE_STANDARD = "gnu++17";
				CLANG_CXX_LIBRARY = "libc++";
				CLANG_ENABLE_MODULES = YES;
				CLANG_ENABLE_OBJC_ARC = YES;
				CLANG_ENABLE_OBJC_WEAK = YES;
				CLANG_WARN_BLOCK_CAPTURE_AUTORELEASING = YES;
				CLANG_WARN_BOOL_CONVERSION = YES;
				CLANG_WARN_COMMA = YES;
				CLANG_WARN_CONSTANT_CONVERSION = YES;
				CLANG_WARN_DEPRECATED_OBJC_IMPLEMENTATIONS = YES;
				CLANG_WARN_DIRECT_OBJC_ISA_USAGE = YES_ERROR;
				CLANG_WARN_DOCUMENTATION_COMMENTS = YES;
				CLANG_WARN_EMPTY_BODY = YES;
				CLANG_WARN_ENUM_CONVERSION = YES;
				CLANG_WARN_INFINITE_RECURSION = YES;
				CLANG_WARN_INT_CONVERSION = YES;
				CLANG_WARN_NON_LITERAL_NULL_CONVERSION = YES;
				CLANG_WARN_OBJC_IMPLICIT_RETAIN_SELF = YES;
				CLANG_WARN_OBJC_LITERAL_CONVERSION = YES;
				CLANG_WARN_OBJC_ROOT_CLASS = YES_ERROR;
				CLANG_WARN_QUOTED_INCLUDE_IN_FRAMEWORK_HEADER = YES;
				CLANG_WARN_RANGE_LOOP_ANALYSIS = YES;
				CLANG_WARN_STRICT_PROTOTYPES = YES;
				CLANG_WARN_SUSPICIOUS_MOVE = YES;
				CLANG_WARN_UNGUARDED_AVAILABILITY = YES_AGGRESSIVE;
				CLANG_WARN_UNREACHABLE_CODE = YES;
				CLANG_WARN__DUPLICATE_METHOD_MATCH = YES;
				COPY_PHASE_STRIP = NO;
				DEBUG_INFORMATION_FORMAT = "dwarf-with-dsym";
				ENABLE_NS_ASSERTIONS = NO;
				ENABLE_STRICT_OBJC_MSGSEND = YES;
				GCC_C_LANGUAGE_STANDARD = gnu11;
				GCC_NO_COMMON_BLOCKS = YES;
				GCC_WARN_64_TO_32_BIT_CONVERSION = YES;
				GCC_WARN_ABOUT_RETURN_TYPE = YES_ERROR;
				GCC_WARN_UNDECLARED_SELECTOR = YES;
				GCC_WARN_UNINITIALIZED_AUTOS = YES_AGGRESSIVE;
				GCC_WARN_UNUSED_FUNCTION = YES;
				GCC_WARN_UNUSED_VARIABLE = YES;
				IPHONEOS_DEPLOYMENT_TARGET = 15.2;
				MTL_ENABLE_DEBUG_INFO = NO;
				MTL_FAST_MATH = YES;
				SDKROOT = iphoneos;
				SWIFT_COMPILATION_MODE = wholemodule;
				SWIFT_OPTIMIZATION_LEVEL = "-O";
				VALIDATE_PRODUCT = YES;
			};
			name = Release;
		};
		C39CDF9627AA806200E22A57 /* Debug */ = {
			isa = XCBuildConfiguration;
			buildSettings = {
				ASSETCATALOG_COMPILER_APPICON_NAME = AppIcon;
				ASSETCATALOG_COMPILER_GLOBAL_ACCENT_COLOR_NAME = AccentColor;
				CODE_SIGN_STYLE = Automatic;
				CURRENT_PROJECT_VERSION = 1;
				DEVELOPMENT_ASSET_PATHS = "\"TheTempoist/Preview Content\"";
				DEVELOPMENT_TEAM = GG2P773732;
				ENABLE_PREVIEWS = YES;
				GENERATE_INFOPLIST_FILE = YES;
				INFOPLIST_FILE = TheTempoist/Info.plist;
				INFOPLIST_KEY_CFBundleDisplayName = Tempoist;
				INFOPLIST_KEY_UIApplicationSupportsIndirectInputEvents = YES;
				INFOPLIST_KEY_UILaunchScreen_Generation = YES;
				INFOPLIST_KEY_UISupportedInterfaceOrientations = UIInterfaceOrientationPortrait;
				INFOPLIST_KEY_UISupportedInterfaceOrientations_iPad = "UIInterfaceOrientationPortrait UIInterfaceOrientationPortraitUpsideDown UIInterfaceOrientationLandscapeLeft UIInterfaceOrientationLandscapeRight";
				INFOPLIST_KEY_UISupportedInterfaceOrientations_iPhone = UIInterfaceOrientationPortrait;
				LD_RUNPATH_SEARCH_PATHS = (
					"$(inherited)",
					"@executable_path/Frameworks",
				);
				MARKETING_VERSION = 1.0;
				PRODUCT_BUNDLE_IDENTIFIER = com.carlhinkle.TheTempoist;
				PRODUCT_NAME = "$(TARGET_NAME)";
				SWIFT_EMIT_LOC_STRINGS = YES;
				SWIFT_VERSION = 5.0;
				TARGETED_DEVICE_FAMILY = "1,2";
			};
			name = Debug;
		};
		C39CDF9727AA806200E22A57 /* Release */ = {
			isa = XCBuildConfiguration;
			buildSettings = {
				ASSETCATALOG_COMPILER_APPICON_NAME = AppIcon;
				ASSETCATALOG_COMPILER_GLOBAL_ACCENT_COLOR_NAME = AccentColor;
				CODE_SIGN_STYLE = Automatic;
				CURRENT_PROJECT_VERSION = 1;
				DEVELOPMENT_ASSET_PATHS = "\"TheTempoist/Preview Content\"";
				DEVELOPMENT_TEAM = GG2P773732;
				ENABLE_PREVIEWS = YES;
				GENERATE_INFOPLIST_FILE = YES;
				INFOPLIST_FILE = TheTempoist/Info.plist;
				INFOPLIST_KEY_CFBundleDisplayName = Tempoist;
				INFOPLIST_KEY_UIApplicationSupportsIndirectInputEvents = YES;
				INFOPLIST_KEY_UILaunchScreen_Generation = YES;
				INFOPLIST_KEY_UISupportedInterfaceOrientations = UIInterfaceOrientationPortrait;
				INFOPLIST_KEY_UISupportedInterfaceOrientations_iPad = "UIInterfaceOrientationPortrait UIInterfaceOrientationPortraitUpsideDown UIInterfaceOrientationLandscapeLeft UIInterfaceOrientationLandscapeRight";
				INFOPLIST_KEY_UISupportedInterfaceOrientations_iPhone = UIInterfaceOrientationPortrait;
				LD_RUNPATH_SEARCH_PATHS = (
					"$(inherited)",
					"@executable_path/Frameworks",
				);
				MARKETING_VERSION = 1.0;
				PRODUCT_BUNDLE_IDENTIFIER = com.carlhinkle.TheTempoist;
				PRODUCT_NAME = "$(TARGET_NAME)";
				SWIFT_EMIT_LOC_STRINGS = YES;
				SWIFT_VERSION = 5.0;
				TARGETED_DEVICE_FAMILY = "1,2";
			};
			name = Release;
		};
		C39CDF9927AA806200E22A57 /* Debug */ = {
			isa = XCBuildConfiguration;
			buildSettings = {
				ALWAYS_EMBED_SWIFT_STANDARD_LIBRARIES = YES;
				BUNDLE_LOADER = "$(TEST_HOST)";
				CODE_SIGN_STYLE = Automatic;
				CURRENT_PROJECT_VERSION = 1;
				DEVELOPMENT_TEAM = GG2P773732;
				GENERATE_INFOPLIST_FILE = YES;
				IPHONEOS_DEPLOYMENT_TARGET = 15.2;
				MARKETING_VERSION = 1.0;
				PRODUCT_BUNDLE_IDENTIFIER = com.carlhinkle.TheTempoistTests;
				PRODUCT_NAME = "$(TARGET_NAME)";
				SWIFT_EMIT_LOC_STRINGS = NO;
				SWIFT_VERSION = 5.0;
				TARGETED_DEVICE_FAMILY = "1,2";
				TEST_HOST = "$(BUILT_PRODUCTS_DIR)/TheTempoist.app/TheTempoist";
			};
			name = Debug;
		};
		C39CDF9A27AA806200E22A57 /* Release */ = {
			isa = XCBuildConfiguration;
			buildSettings = {
				ALWAYS_EMBED_SWIFT_STANDARD_LIBRARIES = YES;
				BUNDLE_LOADER = "$(TEST_HOST)";
				CODE_SIGN_STYLE = Automatic;
				CURRENT_PROJECT_VERSION = 1;
				DEVELOPMENT_TEAM = GG2P773732;
				GENERATE_INFOPLIST_FILE = YES;
				IPHONEOS_DEPLOYMENT_TARGET = 15.2;
				MARKETING_VERSION = 1.0;
				PRODUCT_BUNDLE_IDENTIFIER = com.carlhinkle.TheTempoistTests;
				PRODUCT_NAME = "$(TARGET_NAME)";
				SWIFT_EMIT_LOC_STRINGS = NO;
				SWIFT_VERSION = 5.0;
				TARGETED_DEVICE_FAMILY = "1,2";
				TEST_HOST = "$(BUILT_PRODUCTS_DIR)/TheTempoist.app/TheTempoist";
			};
			name = Release;
		};
		C39CDF9C27AA806200E22A57 /* Debug */ = {
			isa = XCBuildConfiguration;
			buildSettings = {
				ALWAYS_EMBED_SWIFT_STANDARD_LIBRARIES = YES;
				CODE_SIGN_STYLE = Automatic;
				CURRENT_PROJECT_VERSION = 1;
				DEVELOPMENT_TEAM = GG2P773732;
				GENERATE_INFOPLIST_FILE = YES;
				MARKETING_VERSION = 1.0;
				PRODUCT_BUNDLE_IDENTIFIER = com.carlhinkle.TheTempoistUITests;
				PRODUCT_NAME = "$(TARGET_NAME)";
				SWIFT_EMIT_LOC_STRINGS = NO;
				SWIFT_VERSION = 5.0;
				TARGETED_DEVICE_FAMILY = "1,2";
				TEST_TARGET_NAME = TheTempoist;
			};
			name = Debug;
		};
		C39CDF9D27AA806200E22A57 /* Release */ = {
			isa = XCBuildConfiguration;
			buildSettings = {
				ALWAYS_EMBED_SWIFT_STANDARD_LIBRARIES = YES;
				CODE_SIGN_STYLE = Automatic;
				CURRENT_PROJECT_VERSION = 1;
				DEVELOPMENT_TEAM = GG2P773732;
				GENERATE_INFOPLIST_FILE = YES;
				MARKETING_VERSION = 1.0;
				PRODUCT_BUNDLE_IDENTIFIER = com.carlhinkle.TheTempoistUITests;
				PRODUCT_NAME = "$(TARGET_NAME)";
				SWIFT_EMIT_LOC_STRINGS = NO;
				SWIFT_VERSION = 5.0;
				TARGETED_DEVICE_FAMILY = "1,2";
				TEST_TARGET_NAME = TheTempoist;
			};
			name = Release;
		};
/* End XCBuildConfiguration section */

/* Begin XCConfigurationList section */
		C39CDF6C27AA806100E22A57 /* Build configuration list for PBXProject "TheTempoist" */ = {
			isa = XCConfigurationList;
			buildConfigurations = (
				C39CDF9327AA806200E22A57 /* Debug */,
				C39CDF9427AA806200E22A57 /* Release */,
			);
			defaultConfigurationIsVisible = 0;
			defaultConfigurationName = Release;
		};
		C39CDF9527AA806200E22A57 /* Build configuration list for PBXNativeTarget "TheTempoist" */ = {
			isa = XCConfigurationList;
			buildConfigurations = (
				C39CDF9627AA806200E22A57 /* Debug */,
				C39CDF9727AA806200E22A57 /* Release */,
			);
			defaultConfigurationIsVisible = 0;
			defaultConfigurationName = Release;
		};
		C39CDF9827AA806200E22A57 /* Build configuration list for PBXNativeTarget "TheTempoistTests" */ = {
			isa = XCConfigurationList;
			buildConfigurations = (
				C39CDF9927AA806200E22A57 /* Debug */,
				C39CDF9A27AA806200E22A57 /* Release */,
			);
			defaultConfigurationIsVisible = 0;
			defaultConfigurationName = Release;
		};
		C39CDF9B27AA806200E22A57 /* Build configuration list for PBXNativeTarget "TheTempoistUITests" */ = {
			isa = XCConfigurationList;
			buildConfigurations = (
				C39CDF9C27AA806200E22A57 /* Debug */,
				C39CDF9D27AA806200E22A57 /* Release */,
			);
			defaultConfigurationIsVisible = 0;
			defaultConfigurationName = Release;
		};
/* End XCConfigurationList section */
	};
	rootObject = C39CDF6927AA806100E22A57 /* Project object */;
}
